
Microsoft Visual Studio Solution File, Format Version 12.00
# Visual Studio Version 17
VisualStudioVersion = 17.4.33122.133
MinimumVisualStudioVersion = 10.0.40219.1
Project("{FAE04EC0-301F-11D3-BF4B-00C04F79EFBC}") = "GitDemoApp", "GitDemoApp\GitDemoApp.csproj", "{7FAE280C-831D-4329-9651-12EBED1AF80C}"
EndProject
Global
	GlobalSection(SolutionConfigurationPlatforms) = preSolution
		Debug|Any CPU = Debug|Any CPU
		Release|Any CPU = Release|Any CPU
	EndGlobalSection
	GlobalSection(ProjectConfigurationPlatforms) = postSolution
		{7FAE280C-831D-4329-9651-12EBED1AF80C}.Debug|Any CPU.ActiveCfg = Debug|Any CPU
		{7FAE280C-831D-4329-9651-12EBED1AF80C}.Debug|Any CPU.Build.0 = Debug|Any CPU
		{7FAE280C-831D-4329-9651-12EBED1AF80C}.Release|Any CPU.ActiveCfg = Release|Any CPU
		{7FAE280C-831D-4329-9651-12EBED1AF80C}.Release|Any CPU.Build.0 = Release|Any CPU
	EndGlobalSection
	GlobalSection(SolutionProperties) = preSolution
		HideSolutionNode = FALSE
	EndGlobalSection
	GlobalSection(ExtensibilityGlobals) = postSolution
		SolutionGuid = {BF57DC65-1FFC-40F4-AEDE-0FE2C1C637E4}
	EndGlobalSection
EndGlobal
